
Microsoft Visual Studio Solution File, Format Version 12.00
# Visual Studio Version 17
VisualStudioVersion = 17.1.32210.238
MinimumVisualStudioVersion = 10.0.40219.1
Project("{FAE04EC0-301F-11D3-BF4B-00C04F79EFBC}") = "Backdoor finder beta", "Backdoor finder beta\Backdoor finder beta.csproj", "{3E11EE09-4555-44AA-B0B6-C73D9864D9EB}"
EndProject
Global
	GlobalSection(SolutionConfigurationPlatforms) = preSolution
		Debug|Any CPU = Debug|Any CPU
		Release|Any CPU = Release|Any CPU
	EndGlobalSection
	GlobalSection(ProjectConfigurationPlatforms) = postSolution
		{3E11EE09-4555-44AA-B0B6-C73D9864D9EB}.Debug|Any CPU.ActiveCfg = Debug|Any CPU
		{3E11EE09-4555-44AA-B0B6-C73D9864D9EB}.Debug|Any CPU.Build.0 = Debug|Any CPU
		{3E11EE09-4555-44AA-B0B6-C73D9864D9EB}.Release|Any CPU.ActiveCfg = Release|Any CPU
		{3E11EE09-4555-44AA-B0B6-C73D9864D9EB}.Release|Any CPU.Build.0 = Release|Any CPU
	EndGlobalSection
	GlobalSection(SolutionProperties) = preSolution
		HideSolutionNode = FALSE
	EndGlobalSection
	GlobalSection(ExtensibilityGlobals) = postSolution
		SolutionGuid = {442F16DB-DCA2-4E0A-9F98-EC42BCAE1EC0}
	EndGlobalSection
EndGlobal
